Microsoft Visual Studio Solution File, Format Version 12.00
# Visual Studio Version 17
VisualStudioVersion = 17.0.31903.59
MinimumVisualStudioVersion = 10.0.40219.1

# Shared Libraries
Project("{9A19103F-16F7-4668-BE54-9A1E7A4F7556}") = "DecVCPlat.Shared", "Shared\DecVCPlat.Shared\DecVCPlat.Shared.csproj", "{A1B2C3D4-E5F6-7890-ABCD-EF1234567890}"
EndProject

# Microservices
Project("{9A19103F-16F7-4668-BE54-9A1E7A4F7556}") = "DecVCPlat.UserManagement.API", "Services\UserManagement\DecVCPlat.UserManagement.API\DecVCPlat.UserManagement.API.csproj", "{B2C3D4E5-F6G7-8901-BCDE-F23456789012}"
EndProject
Project("{9A19103F-16F7-4668-BE54-9A1E7A4F7556}") = "DecVCPlat.ProjectManagement.API", "Services\ProjectManagement\DecVCPlat.ProjectManagement.API\DecVCPlat.ProjectManagement.API.csproj", "{D4E5F6G7-H8I9-0123-DEFG-456789012345}"
EndProject
Project("{9A19103F-16F7-4668-BE54-9A1E7A4F7556}") = "DecVCPlat.Voting.API", "Services\Voting\DecVCPlat.Voting.API\DecVCPlat.Voting.API.csproj", "{E5F6G7H8-I9J0-1234-EFGH-567890123456}"
EndProject
Project("{9A19103F-16F7-4668-BE54-9A1E7A4F7556}") = "DecVCPlat.Funding.API", "Services\Funding\DecVCPlat.Funding.API\DecVCPlat.Funding.API.csproj", "{F6G7H8I9-J0K1-2345-FGHI-678901234567}"
EndProject
Project("{9A19103F-16F7-4668-BE54-9A1E7A4F7556}") = "DecVCPlat.Notification.API", "Services\Notification\DecVCPlat.Notification.API\DecVCPlat.Notification.API.csproj", "{G7H8I9J0-K1L2-3456-GHIJ-789012345678}"
EndProject

# API Gateway
Project("{9A19103F-16F7-4668-BE54-9A1E7A4F7556}") = "DecVCPlat.Gateway", "Gateway\DecVCPlat.Gateway\DecVCPlat.Gateway.csproj", "{C3D4E5F6-G7H8-9012-CDEF-345678901234}"
EndProject

# Security & Compliance Services
Project("{9A19103F-16F7-4668-BE54-9A1E7A4F7556}") = "DecVCPlat.Security", "Security\DecVCPlat.Security\DecVCPlat.Security.csproj", "{H8I9J0K1-L2M3-4567-8901-234567HIJKLM}"
EndProject

Project("{9A19103F-16F7-4668-BE54-9A1E7A4F7556}") = "DecVCPlat.Compliance", "Compliance\DecVCPlat.Compliance\DecVCPlat.Compliance.csproj", "{I9J0K1L2-M3N4-5678-9012-345678IJKLMN}"
EndProject

# Monitoring Service
Project("{9A19103F-16F7-4668-BE54-9A1E7A4F7556}") = "DecVCPlat.Monitoring", "Monitoring\DecVCPlat.Monitoring\DecVCPlat.Monitoring.csproj", "{J0K1L2M3-N4O5-6789-0123-456789JKLMNO}"
EndProject

# Solution Folders
Project("{2150E333-8FDC-42A3-9474-1A3956D46DE8}") = "Services", "Services", "{10000000-0000-0000-0000-000000000001}"
EndProject

Project("{2150E333-8FDC-42A3-9474-1A3956D46DE8}") = "Gateway", "Gateway", "{20000000-0000-0000-0000-000000000002}"
EndProject

Project("{2150E333-8FDC-42A3-9474-1A3956D46DE8}") = "Shared", "Shared", "{30000000-0000-0000-0000-000000000003}"
EndProject

Project("{2150E333-8FDC-42A3-9474-1A3956D46DE8}") = "Security", "Security", "{40000000-0000-0000-0000-000000000004}"
EndProject

Project("{2150E333-8FDC-42A3-9474-1A3956D46DE8}") = "Infrastructure", "Infrastructure", "{50000000-0000-0000-0000-000000000005}"
EndProject

Project("{2150E333-8FDC-42A3-9474-1A3956D46DE8}") = "Tests", "Tests", "{60000000-0000-0000-0000-000000000006}"
EndProject

Global
	GlobalSection(SolutionConfigurationPlatforms) = preSolution
		Debug|Any CPU = Debug|Any CPU
		Release|Any CPU = Release|Any CPU
	EndGlobalSection
	GlobalSection(ProjectConfigurationPlatforms) = postSolution
		{A1B2C3D4-E5F6-7890-1234-567890ABCDEF}.Debug|Any CPU.ActiveCfg = Debug|Any CPU
		{A1B2C3D4-E5F6-7890-1234-567890ABCDEF}.Debug|Any CPU.Build.0 = Debug|Any CPU
		{A1B2C3D4-E5F6-7890-1234-567890ABCDEF}.Release|Any CPU.ActiveCfg = Release|Any CPU
		{A1B2C3D4-E5F6-7890-1234-567890ABCDEF}.Release|Any CPU.Build.0 = Release|Any CPU
		{B2C3D4E5-F6G7-8901-2345-678901BCDEFG}.Debug|Any CPU.ActiveCfg = Debug|Any CPU
		{B2C3D4E5-F6G7-8901-2345-678901BCDEFG}.Debug|Any CPU.Build.0 = Debug|Any CPU
		{B2C3D4E5-F6G7-8901-2345-678901BCDEFG}.Release|Any CPU.ActiveCfg = Release|Any CPU
		{B2C3D4E5-F6G7-8901-2345-678901BCDEFG}.Release|Any CPU.Build.0 = Release|Any CPU
		{C3D4E5F6-G7H8-9012-3456-789012CDEFGH}.Debug|Any CPU.ActiveCfg = Debug|Any CPU
		{C3D4E5F6-G7H8-9012-3456-789012CDEFGH}.Debug|Any CPU.Build.0 = Debug|Any CPU
		{C3D4E5F6-G7H8-9012-3456-789012CDEFGH}.Release|Any CPU.ActiveCfg = Release|Any CPU
		{C3D4E5F6-G7H8-9012-3456-789012CDEFGH}.Release|Any CPU.Build.0 = Release|Any CPU
		{D4E5F6G7-H8I9-0123-4567-890123DEFGHI}.Debug|Any CPU.ActiveCfg = Debug|Any CPU
		{D4E5F6G7-H8I9-0123-4567-890123DEFGHI}.Debug|Any CPU.Build.0 = Debug|Any CPU
		{D4E5F6G7-H8I9-0123-4567-890123DEFGHI}.Release|Any CPU.ActiveCfg = Release|Any CPU
		{D4E5F6G7-H8I9-0123-4567-890123DEFGHI}.Release|Any CPU.Build.0 = Release|Any CPU
		{E5F6G7H8-I9J0-1234-5678-901234EFGHIJ}.Debug|Any CPU.ActiveCfg = Debug|Any CPU
		{E5F6G7H8-I9J0-1234-5678-901234EFGHIJ}.Debug|Any CPU.Build.0 = Debug|Any CPU
		{E5F6G7H8-I9J0-1234-5678-901234EFGHIJ}.Release|Any CPU.ActiveCfg = Release|Any CPU
		{E5F6G7H8-I9J0-1234-5678-901234EFGHIJ}.Release|Any CPU.Build.0 = Release|Any CPU
		{F6G7H8I9-J0K1-2345-6789-012345FGHIJK}.Debug|Any CPU.ActiveCfg = Debug|Any CPU
		{F6G7H8I9-J0K1-2345-6789-012345FGHIJK}.Debug|Any CPU.Build.0 = Debug|Any CPU
		{F6G7H8I9-J0K1-2345-6789-012345FGHIJK}.Release|Any CPU.ActiveCfg = Release|Any CPU
		{F6G7H8I9-J0K1-2345-6789-012345FGHIJK}.Release|Any CPU.Build.0 = Release|Any CPU
		{G7H8I9J0-K1L2-3456-7890-123456GHIJKL}.Debug|Any CPU.ActiveCfg = Debug|Any CPU
		{G7H8I9J0-K1L2-3456-7890-123456GHIJKL}.Debug|Any CPU.Build.0 = Debug|Any CPU
		{G7H8I9J0-K1L2-3456-7890-123456GHIJKL}.Release|Any CPU.ActiveCfg = Release|Any CPU
		{G7H8I9J0-K1L2-3456-7890-123456GHIJKL}.Release|Any CPU.Build.0 = Release|Any CPU
		{H8I9J0K1-L2M3-4567-8901-234567HIJKLM}.Debug|Any CPU.ActiveCfg = Debug|Any CPU
		{H8I9J0K1-L2M3-4567-8901-234567HIJKLM}.Debug|Any CPU.Build.0 = Debug|Any CPU
		{H8I9J0K1-L2M3-4567-8901-234567HIJKLM}.Release|Any CPU.ActiveCfg = Release|Any CPU
		{H8I9J0K1-L2M3-4567-8901-234567HIJKLM}.Release|Any CPU.Build.0 = Release|Any CPU
		{I9J0K1L2-M3N4-5678-9012-345678IJKLMN}.Debug|Any CPU.ActiveCfg = Debug|Any CPU
		{I9J0K1L2-M3N4-5678-9012-345678IJKLMN}.Debug|Any CPU.Build.0 = Debug|Any CPU
		{I9J0K1L2-M3N4-5678-9012-345678IJKLMN}.Release|Any CPU.ActiveCfg = Release|Any CPU
		{I9J0K1L2-M3N4-5678-9012-345678IJKLMN}.Release|Any CPU.Build.0 = Release|Any CPU
		{J0K1L2M3-N4O5-6789-0123-456789JKLMNO}.Debug|Any CPU.ActiveCfg = Debug|Any CPU
		{J0K1L2M3-N4O5-6789-0123-456789JKLMNO}.Debug|Any CPU.Build.0 = Debug|Any CPU
		{J0K1L2M3-N4O5-6789-0123-456789JKLMNO}.Release|Any CPU.ActiveCfg = Release|Any CPU
		{J0K1L2M3-N4O5-6789-0123-456789JKLMNO}.Release|Any CPU.Build.0 = Release|Any CPU
	EndGlobalSection
	GlobalSection(SolutionProperties) = preSolution
		HideSolutionNode = FALSE
	EndGlobalSection
	GlobalSection(NestedProjects) = preSolution
		{A1B2C3D4-E5F6-7890-1234-567890ABCDEF} = {10000000-0000-0000-0000-000000000001}
		{B2C3D4E5-F6G7-8901-2345-678901BCDEFG} = {10000000-0000-0000-0000-000000000001}
		{C3D4E5F6-G7H8-9012-3456-789012CDEFGH} = {10000000-0000-0000-0000-000000000001}
		{D4E5F6G7-H8I9-0123-4567-890123DEFGHI} = {10000000-0000-0000-0000-000000000001}
		{E5F6G7H8-I9J0-1234-5678-901234EFGHIJ} = {10000000-0000-0000-0000-000000000001}
		{F6G7H8I9-J0K1-2345-6789-012345FGHIJK} = {20000000-0000-0000-0000-000000000002}
		{G7H8I9J0-K1L2-3456-7890-123456GHIJKL} = {30000000-0000-0000-0000-000000000003}
		{H8I9J0K1-L2M3-4567-8901-234567HIJKLM} = {40000000-0000-0000-0000-000000000004}
		{I9J0K1L2-M3N4-5678-9012-345678IJKLMN} = {40000000-0000-0000-0000-000000000004}
		{J0K1L2M3-N4O5-6789-0123-456789JKLMNO} = {50000000-0000-0000-0000-000000000005}
	EndGlobalSection
	GlobalSection(ExtensibilityGlobals) = postSolution
		SolutionGuid = {12345678-1234-1234-1234-123456789012}
	EndGlobalSection
EndGlobal
