
Microsoft Visual Studio Solution File, Format Version 12.00
# Visual Studio Version 17
VisualStudioVersion = 17.0.31903.59
MinimumVisualStudioVersion = 10.0.40219.1
Project("{2150E333-8FDC-42A3-9474-1A3956D46DE8}") = "Shared", "Shared", "{4F52FD11-658E-A102-6CD3-7D7C16FFA15B}"
EndProject
Project("{FAE04EC0-301F-11D3-BF4B-00C04F79EFBC}") = "DecVCPlat.Shared", "Shared\DecVCPlat.Shared\DecVCPlat.Shared.csproj", "{180AA4EE-1BD8-4522-A91D-2C7843CD9C32}"
EndProject
Project("{FAE04EC0-301F-11D3-BF4B-00C04F79EFBC}") = "Shared.Common", "Shared\Shared.Common\Shared.Common.csproj", "{803F94A0-1206-4E29-B1E8-58B643134C93}"
EndProject
Project("{FAE04EC0-301F-11D3-BF4B-00C04F79EFBC}") = "Shared.Security", "Shared\Shared.Security\Shared.Security.csproj", "{951833A3-DF6D-45FA-A452-03555159D82F}"
EndProject
Project("{FAE04EC0-301F-11D3-BF4B-00C04F79EFBC}") = "DecVCPlat.Gateway", "Gateway\DecVCPlat.Gateway\DecVCPlat.Gateway.csproj", "{8C4C4732-F05A-411B-B2EF-FB0C5C889973}"
EndProject
Project("{FAE04EC0-301F-11D3-BF4B-00C04F79EFBC}") = "DecVCPlat.UserManagement.API", "Services\UserManagement\DecVCPlat.UserManagement.API\DecVCPlat.UserManagement.API.csproj", "{0F49D7A6-52BD-4033-B337-5D78E9F71A4B}"
EndProject
Project("{FAE04EC0-301F-11D3-BF4B-00C04F79EFBC}") = "DecVCPlat.ProjectManagement.API", "Services\ProjectManagement\DecVCPlat.ProjectManagement.API\DecVCPlat.ProjectManagement.API.csproj", "{95AE93D3-C832-43F9-AC2C-328281630462}"
EndProject
Project("{FAE04EC0-301F-11D3-BF4B-00C04F79EFBC}") = "DecVCPlat.Voting.API", "Services\Voting\DecVCPlat.Voting.API\DecVCPlat.Voting.API.csproj", "{1692A803-8046-42E6-A7CB-3F2E418F53C6}"
EndProject
Project("{FAE04EC0-301F-11D3-BF4B-00C04F79EFBC}") = "DecVCPlat.Funding.API", "Services\Funding\DecVCPlat.Funding.API\DecVCPlat.Funding.API.csproj", "{FED16F6B-2B53-47F3-B778-8DA446EB118F}"
EndProject
Project("{FAE04EC0-301F-11D3-BF4B-00C04F79EFBC}") = "DecVCPlat.Notification.API", "Services\Notification\DecVCPlat.Notification.API\DecVCPlat.Notification.API.csproj", "{9DAAB471-9537-4C8D-8F42-C68C3EAF22D1}"
EndProject
Global
	GlobalSection(SolutionConfigurationPlatforms) = preSolution
		Debug|Any CPU = Debug|Any CPU
		Debug|x64 = Debug|x64
		Debug|x86 = Debug|x86
		Release|Any CPU = Release|Any CPU
		Release|x64 = Release|x64
		Release|x86 = Release|x86
	EndGlobalSection
	GlobalSection(ProjectConfigurationPlatforms) = postSolution
		{180AA4EE-1BD8-4522-A91D-2C7843CD9C32}.Debug|Any CPU.ActiveCfg = Debug|Any CPU
		{180AA4EE-1BD8-4522-A91D-2C7843CD9C32}.Debug|Any CPU.Build.0 = Debug|Any CPU
		{180AA4EE-1BD8-4522-A91D-2C7843CD9C32}.Debug|x64.ActiveCfg = Debug|Any CPU
		{180AA4EE-1BD8-4522-A91D-2C7843CD9C32}.Debug|x64.Build.0 = Debug|Any CPU
		{180AA4EE-1BD8-4522-A91D-2C7843CD9C32}.Debug|x86.ActiveCfg = Debug|Any CPU
		{180AA4EE-1BD8-4522-A91D-2C7843CD9C32}.Debug|x86.Build.0 = Debug|Any CPU
		{180AA4EE-1BD8-4522-A91D-2C7843CD9C32}.Release|Any CPU.ActiveCfg = Release|Any CPU
		{180AA4EE-1BD8-4522-A91D-2C7843CD9C32}.Release|Any CPU.Build.0 = Release|Any CPU
		{180AA4EE-1BD8-4522-A91D-2C7843CD9C32}.Release|x64.ActiveCfg = Release|Any CPU
		{180AA4EE-1BD8-4522-A91D-2C7843CD9C32}.Release|x64.Build.0 = Release|Any CPU
		{180AA4EE-1BD8-4522-A91D-2C7843CD9C32}.Release|x86.ActiveCfg = Release|Any CPU
		{180AA4EE-1BD8-4522-A91D-2C7843CD9C32}.Release|x86.Build.0 = Release|Any CPU
		{803F94A0-1206-4E29-B1E8-58B643134C93}.Debug|Any CPU.ActiveCfg = Debug|Any CPU
		{803F94A0-1206-4E29-B1E8-58B643134C93}.Debug|Any CPU.Build.0 = Debug|Any CPU
		{803F94A0-1206-4E29-B1E8-58B643134C93}.Debug|x64.ActiveCfg = Debug|Any CPU
		{803F94A0-1206-4E29-B1E8-58B643134C93}.Debug|x64.Build.0 = Debug|Any CPU
		{803F94A0-1206-4E29-B1E8-58B643134C93}.Debug|x86.ActiveCfg = Debug|Any CPU
		{803F94A0-1206-4E29-B1E8-58B643134C93}.Debug|x86.Build.0 = Debug|Any CPU
		{803F94A0-1206-4E29-B1E8-58B643134C93}.Release|Any CPU.ActiveCfg = Release|Any CPU
		{803F94A0-1206-4E29-B1E8-58B643134C93}.Release|Any CPU.Build.0 = Release|Any CPU
		{803F94A0-1206-4E29-B1E8-58B643134C93}.Release|x64.ActiveCfg = Release|Any CPU
		{803F94A0-1206-4E29-B1E8-58B643134C93}.Release|x64.Build.0 = Release|Any CPU
		{803F94A0-1206-4E29-B1E8-58B643134C93}.Release|x86.ActiveCfg = Release|Any CPU
		{803F94A0-1206-4E29-B1E8-58B643134C93}.Release|x86.Build.0 = Release|Any CPU
		{951833A3-DF6D-45FA-A452-03555159D82F}.Debug|Any CPU.ActiveCfg = Debug|Any CPU
		{951833A3-DF6D-45FA-A452-03555159D82F}.Debug|Any CPU.Build.0 = Debug|Any CPU
		{951833A3-DF6D-45FA-A452-03555159D82F}.Debug|x64.ActiveCfg = Debug|Any CPU
		{951833A3-DF6D-45FA-A452-03555159D82F}.Debug|x64.Build.0 = Debug|Any CPU
		{951833A3-DF6D-45FA-A452-03555159D82F}.Debug|x86.ActiveCfg = Debug|Any CPU
		{951833A3-DF6D-45FA-A452-03555159D82F}.Debug|x86.Build.0 = Debug|Any CPU
		{951833A3-DF6D-45FA-A452-03555159D82F}.Release|Any CPU.ActiveCfg = Release|Any CPU
		{951833A3-DF6D-45FA-A452-03555159D82F}.Release|Any CPU.Build.0 = Release|Any CPU
		{951833A3-DF6D-45FA-A452-03555159D82F}.Release|x64.ActiveCfg = Release|Any CPU
		{951833A3-DF6D-45FA-A452-03555159D82F}.Release|x64.Build.0 = Release|Any CPU
		{951833A3-DF6D-45FA-A452-03555159D82F}.Release|x86.ActiveCfg = Release|Any CPU
		{951833A3-DF6D-45FA-A452-03555159D82F}.Release|x86.Build.0 = Release|Any CPU
		{8C4C4732-F05A-411B-B2EF-FB0C5C889973}.Debug|Any CPU.ActiveCfg = Debug|Any CPU
		{8C4C4732-F05A-411B-B2EF-FB0C5C889973}.Debug|Any CPU.Build.0 = Debug|Any CPU
		{8C4C4732-F05A-411B-B2EF-FB0C5C889973}.Debug|x64.ActiveCfg = Debug|Any CPU
		{8C4C4732-F05A-411B-B2EF-FB0C5C889973}.Debug|x64.Build.0 = Debug|Any CPU
		{8C4C4732-F05A-411B-B2EF-FB0C5C889973}.Debug|x86.ActiveCfg = Debug|Any CPU
		{8C4C4732-F05A-411B-B2EF-FB0C5C889973}.Debug|x86.Build.0 = Debug|Any CPU
		{8C4C4732-F05A-411B-B2EF-FB0C5C889973}.Release|Any CPU.ActiveCfg = Release|Any CPU
		{8C4C4732-F05A-411B-B2EF-FB0C5C889973}.Release|Any CPU.Build.0 = Release|Any CPU
		{8C4C4732-F05A-411B-B2EF-FB0C5C889973}.Release|x64.ActiveCfg = Release|Any CPU
		{8C4C4732-F05A-411B-B2EF-FB0C5C889973}.Release|x64.Build.0 = Release|Any CPU
		{8C4C4732-F05A-411B-B2EF-FB0C5C889973}.Release|x86.ActiveCfg = Release|Any CPU
		{8C4C4732-F05A-411B-B2EF-FB0C5C889973}.Release|x86.Build.0 = Release|Any CPU
		{0F49D7A6-52BD-4033-B337-5D78E9F71A4B}.Debug|Any CPU.ActiveCfg = Debug|Any CPU
		{0F49D7A6-52BD-4033-B337-5D78E9F71A4B}.Debug|Any CPU.Build.0 = Debug|Any CPU
		{0F49D7A6-52BD-4033-B337-5D78E9F71A4B}.Debug|x64.ActiveCfg = Debug|Any CPU
		{0F49D7A6-52BD-4033-B337-5D78E9F71A4B}.Debug|x64.Build.0 = Debug|Any CPU
		{0F49D7A6-52BD-4033-B337-5D78E9F71A4B}.Debug|x86.ActiveCfg = Debug|Any CPU
		{0F49D7A6-52BD-4033-B337-5D78E9F71A4B}.Debug|x86.Build.0 = Debug|Any CPU
		{0F49D7A6-52BD-4033-B337-5D78E9F71A4B}.Release|Any CPU.ActiveCfg = Release|Any CPU
		{0F49D7A6-52BD-4033-B337-5D78E9F71A4B}.Release|Any CPU.Build.0 = Release|Any CPU
		{0F49D7A6-52BD-4033-B337-5D78E9F71A4B}.Release|x64.ActiveCfg = Release|Any CPU
		{0F49D7A6-52BD-4033-B337-5D78E9F71A4B}.Release|x64.Build.0 = Release|Any CPU
		{0F49D7A6-52BD-4033-B337-5D78E9F71A4B}.Release|x86.ActiveCfg = Release|Any CPU
		{0F49D7A6-52BD-4033-B337-5D78E9F71A4B}.Release|x86.Build.0 = Release|Any CPU
		{95AE93D3-C832-43F9-AC2C-328281630462}.Debug|Any CPU.ActiveCfg = Debug|Any CPU
		{95AE93D3-C832-43F9-AC2C-328281630462}.Debug|Any CPU.Build.0 = Debug|Any CPU
		{95AE93D3-C832-43F9-AC2C-328281630462}.Debug|x64.ActiveCfg = Debug|Any CPU
		{95AE93D3-C832-43F9-AC2C-328281630462}.Debug|x64.Build.0 = Debug|Any CPU
		{95AE93D3-C832-43F9-AC2C-328281630462}.Debug|x86.ActiveCfg = Debug|Any CPU
		{95AE93D3-C832-43F9-AC2C-328281630462}.Debug|x86.Build.0 = Debug|Any CPU
		{95AE93D3-C832-43F9-AC2C-328281630462}.Release|Any CPU.ActiveCfg = Release|Any CPU
		{95AE93D3-C832-43F9-AC2C-328281630462}.Release|Any CPU.Build.0 = Release|Any CPU
		{95AE93D3-C832-43F9-AC2C-328281630462}.Release|x64.ActiveCfg = Release|Any CPU
		{95AE93D3-C832-43F9-AC2C-328281630462}.Release|x64.Build.0 = Release|Any CPU
		{95AE93D3-C832-43F9-AC2C-328281630462}.Release|x86.ActiveCfg = Release|Any CPU
		{95AE93D3-C832-43F9-AC2C-328281630462}.Release|x86.Build.0 = Release|Any CPU
		{1692A803-8046-42E6-A7CB-3F2E418F53C6}.Debug|Any CPU.ActiveCfg = Debug|Any CPU
		{1692A803-8046-42E6-A7CB-3F2E418F53C6}.Debug|Any CPU.Build.0 = Debug|Any CPU
		{1692A803-8046-42E6-A7CB-3F2E418F53C6}.Debug|x64.ActiveCfg = Debug|Any CPU
		{1692A803-8046-42E6-A7CB-3F2E418F53C6}.Debug|x64.Build.0 = Debug|Any CPU
		{1692A803-8046-42E6-A7CB-3F2E418F53C6}.Debug|x86.ActiveCfg = Debug|Any CPU
		{1692A803-8046-42E6-A7CB-3F2E418F53C6}.Debug|x86.Build.0 = Debug|Any CPU
		{1692A803-8046-42E6-A7CB-3F2E418F53C6}.Release|Any CPU.ActiveCfg = Release|Any CPU
		{1692A803-8046-42E6-A7CB-3F2E418F53C6}.Release|Any CPU.Build.0 = Release|Any CPU
		{1692A803-8046-42E6-A7CB-3F2E418F53C6}.Release|x64.ActiveCfg = Release|Any CPU
		{1692A803-8046-42E6-A7CB-3F2E418F53C6}.Release|x64.Build.0 = Release|Any CPU
		{1692A803-8046-42E6-A7CB-3F2E418F53C6}.Release|x86.ActiveCfg = Release|Any CPU
		{1692A803-8046-42E6-A7CB-3F2E418F53C6}.Release|x86.Build.0 = Release|Any CPU
		{FED16F6B-2B53-47F3-B778-8DA446EB118F}.Debug|Any CPU.ActiveCfg = Debug|Any CPU
		{FED16F6B-2B53-47F3-B778-8DA446EB118F}.Debug|Any CPU.Build.0 = Debug|Any CPU
		{FED16F6B-2B53-47F3-B778-8DA446EB118F}.Debug|x64.ActiveCfg = Debug|Any CPU
		{FED16F6B-2B53-47F3-B778-8DA446EB118F}.Debug|x64.Build.0 = Debug|Any CPU
		{FED16F6B-2B53-47F3-B778-8DA446EB118F}.Debug|x86.ActiveCfg = Debug|Any CPU
		{FED16F6B-2B53-47F3-B778-8DA446EB118F}.Debug|x86.Build.0 = Debug|Any CPU
		{FED16F6B-2B53-47F3-B778-8DA446EB118F}.Release|Any CPU.ActiveCfg = Release|Any CPU
		{FED16F6B-2B53-47F3-B778-8DA446EB118F}.Release|Any CPU.Build.0 = Release|Any CPU
		{FED16F6B-2B53-47F3-B778-8DA446EB118F}.Release|x64.ActiveCfg = Release|Any CPU
		{FED16F6B-2B53-47F3-B778-8DA446EB118F}.Release|x64.Build.0 = Release|Any CPU
		{FED16F6B-2B53-47F3-B778-8DA446EB118F}.Release|x86.ActiveCfg = Release|Any CPU
		{FED16F6B-2B53-47F3-B778-8DA446EB118F}.Release|x86.Build.0 = Release|Any CPU
		{9DAAB471-9537-4C8D-8F42-C68C3EAF22D1}.Debug|Any CPU.ActiveCfg = Debug|Any CPU
		{9DAAB471-9537-4C8D-8F42-C68C3EAF22D1}.Debug|Any CPU.Build.0 = Debug|Any CPU
		{9DAAB471-9537-4C8D-8F42-C68C3EAF22D1}.Debug|x64.ActiveCfg = Debug|Any CPU
		{9DAAB471-9537-4C8D-8F42-C68C3EAF22D1}.Debug|x64.Build.0 = Debug|Any CPU
		{9DAAB471-9537-4C8D-8F42-C68C3EAF22D1}.Debug|x86.ActiveCfg = Debug|Any CPU
		{9DAAB471-9537-4C8D-8F42-C68C3EAF22D1}.Debug|x86.Build.0 = Debug|Any CPU
		{9DAAB471-9537-4C8D-8F42-C68C3EAF22D1}.Release|Any CPU.ActiveCfg = Release|Any CPU
		{9DAAB471-9537-4C8D-8F42-C68C3EAF22D1}.Release|Any CPU.Build.0 = Release|Any CPU
		{9DAAB471-9537-4C8D-8F42-C68C3EAF22D1}.Release|x64.ActiveCfg = Release|Any CPU
		{9DAAB471-9537-4C8D-8F42-C68C3EAF22D1}.Release|x64.Build.0 = Release|Any CPU
		{9DAAB471-9537-4C8D-8F42-C68C3EAF22D1}.Release|x86.ActiveCfg = Release|Any CPU
		{9DAAB471-9537-4C8D-8F42-C68C3EAF22D1}.Release|x86.Build.0 = Release|Any CPU
	EndGlobalSection
	GlobalSection(SolutionProperties) = preSolution
		HideSolutionNode = FALSE
	EndGlobalSection
	GlobalSection(NestedProjects) = preSolution
		{180AA4EE-1BD8-4522-A91D-2C7843CD9C32} = {4F52FD11-658E-A102-6CD3-7D7C16FFA15B}
		{803F94A0-1206-4E29-B1E8-58B643134C93} = {4F52FD11-658E-A102-6CD3-7D7C16FFA15B}
		{951833A3-DF6D-45FA-A452-03555159D82F} = {4F52FD11-658E-A102-6CD3-7D7C16FFA15B}
		{8C4C4732-F05A-411B-B2EF-FB0C5C889973} = {4F52FD11-658E-A102-6CD3-7D7C16FFA15B}
		{0F49D7A6-52BD-4033-B337-5D78E9F71A4B} = {4F52FD11-658E-A102-6CD3-7D7C16FFA15B}
		{95AE93D3-C832-43F9-AC2C-328281630462} = {4F52FD11-658E-A102-6CD3-7D7C16FFA15B}
		{1692A803-8046-42E6-A7CB-3F2E418F53C6} = {4F52FD11-658E-A102-6CD3-7D7C16FFA15B}
		{FED16F6B-2B53-47F3-B778-8DA446EB118F} = {4F52FD11-658E-A102-6CD3-7D7C16FFA15B}
		{9DAAB471-9537-4C8D-8F42-C68C3EAF22D1} = {4F52FD11-658E-A102-6CD3-7D7C16FFA15B}
	EndGlobalSection
EndGlobal
