
Microsoft Visual Studio Solution File, Format Version 12.00
# Visual Studio Version 17
VisualStudioVersion = 17.0.31903.59
MinimumVisualStudioVersion = 10.0.40219.1
Project("{9A19103F-16F7-4668-BE54-9A1E7A4F7556}") = "DecVCPlat.Shared", "Shared\DecVCPlat.Shared\DecVCPlat.Shared.csproj", "{A1B2C3D4-E5F6-7890-ABCD-EF1234567890}"
EndProject
Project("{9A19103F-16F7-4668-BE54-9A1E7A4F7556}") = "Shared.Common", "Shared\Shared.Common\Shared.Common.csproj", "{A1B2C3D4-E5F6-7890-ABCD-EF1234567891}"
EndProject
Project("{9A19103F-16F7-4668-BE54-9A1E7A4F7556}") = "Shared.Security", "Shared\Shared.Security\Shared.Security.csproj", "{A1B2C3D4-E5F6-7890-ABCD-EF1234567892}"
EndProject
Project("{9A19103F-16F7-4668-BE54-9A1E7A4F7556}") = "DecVCPlat.UserManagement.API", "Services\UserManagement\DecVCPlat.UserManagement.API\DecVCPlat.UserManagement.API.csproj", "{135596A4-84AE-5A56-D239-878CB089C492}"
EndProject
Project("{9A19103F-16F7-4668-BE54-9A1E7A4F7556}") = "UserManagement.API", "Services\UserManagement\UserManagement.API\UserManagement.API.csproj", "{72DD3B79-CA16-3032-1C92-729759291865}"
EndProject
Project("{9A19103F-16F7-4668-BE54-9A1E7A4F7556}") = "DecVCPlat.ProjectManagement.API", "Services\ProjectManagement\DecVCPlat.ProjectManagement.API\DecVCPlat.ProjectManagement.API.csproj", "{5CA8B3ED-C44D-6340-00E1-E95429B440CC}"
EndProject
Project("{9A19103F-16F7-4668-BE54-9A1E7A4F7556}") = "ProjectManagement.API", "Services\ProjectManagement\ProjectManagement.API\ProjectManagement.API.csproj", "{F9594B6C-6633-E3AE-2012-BA8540E9D74C}"
EndProject
Project("{9A19103F-16F7-4668-BE54-9A1E7A4F7556}") = "DecVCPlat.Voting.API", "Services\Voting\DecVCPlat.Voting.API\DecVCPlat.Voting.API.csproj", "{4503ABF5-2B4F-EE68-7A7F-D0F1B066495A}"
EndProject
Project("{9A19103F-16F7-4668-BE54-9A1E7A4F7556}") = "VotingService.API", "Services\VotingService\VotingService.API\VotingService.API.csproj", "{58FF6C8F-3429-035F-3484-5E69CDC82E39}"
EndProject
Project("{9A19103F-16F7-4668-BE54-9A1E7A4F7556}") = "DecVCPlat.Funding.API", "Services\Funding\DecVCPlat.Funding.API\DecVCPlat.Funding.API.csproj", "{C94EF3E5-F9C0-EA2B-0A35-752CDB0B6D55}"
EndProject
Project("{9A19103F-16F7-4668-BE54-9A1E7A4F7556}") = "FundingService.API", "Services\FundingService\FundingService.API\FundingService.API.csproj", "{3AB20C3E-EFE7-4715-3DC1-3CCFEF5F1926}"
EndProject
Project("{9A19103F-16F7-4668-BE54-9A1E7A4F7556}") = "DecVCPlat.Notification.API", "Services\Notification\DecVCPlat.Notification.API\DecVCPlat.Notification.API.csproj", "{88424AF8-0ABF-D9DF-CEC7-AAA3BB8E2D55}"
EndProject
Project("{9A19103F-16F7-4668-BE54-9A1E7A4F7556}") = "NotificationService.API", "Services\NotificationService\NotificationService.API\NotificationService.API.csproj", "{9A942198-C618-6FC9-EB1E-2D76B53824EA}"
EndProject
Project("{9A19103F-16F7-4668-BE54-9A1E7A4F7556}") = "DecVCPlat.Gateway", "Gateway\DecVCPlat.Gateway\DecVCPlat.Gateway.csproj", "{8AF0AA79-8E38-AF69-F0FC-D1B1AC893592}"
EndProject
Project("{2150E333-8FDC-42A3-9474-1A3956D46DE8}") = "Shared", "Shared", "{30000000-0000-0000-0000-000000000003}"
EndProject
Project("{FAE04EC0-301F-11D3-BF4B-00C04F79EFBC}") = "DecVCPlat.Common.Notifications.New", "Shared\DecVCPlat.Common.Notifications.New\DecVCPlat.Common.Notifications.New.csproj", "{54B6F29E-BC0C-4E69-978C-D5C0F6D7FF92}"
EndProject
Global
	GlobalSection(SolutionConfigurationPlatforms) = preSolution
		Debug|Any CPU = Debug|Any CPU
		Debug|x64 = Debug|x64
		Debug|x86 = Debug|x86
		Release|Any CPU = Release|Any CPU
		Release|x64 = Release|x64
		Release|x86 = Release|x86
	EndGlobalSection
	GlobalSection(ProjectConfigurationPlatforms) = postSolution
		{A1B2C3D4-E5F6-7890-ABCD-EF1234567890}.Debug|Any CPU.ActiveCfg = Debug|Any CPU
		{A1B2C3D4-E5F6-7890-ABCD-EF1234567890}.Debug|Any CPU.Build.0 = Debug|Any CPU
		{A1B2C3D4-E5F6-7890-ABCD-EF1234567890}.Debug|x64.ActiveCfg = Debug|Any CPU
		{A1B2C3D4-E5F6-7890-ABCD-EF1234567890}.Debug|x64.Build.0 = Debug|Any CPU
		{A1B2C3D4-E5F6-7890-ABCD-EF1234567890}.Debug|x86.ActiveCfg = Debug|Any CPU
		{A1B2C3D4-E5F6-7890-ABCD-EF1234567890}.Debug|x86.Build.0 = Debug|Any CPU
		{A1B2C3D4-E5F6-7890-ABCD-EF1234567890}.Release|Any CPU.ActiveCfg = Release|Any CPU
		{A1B2C3D4-E5F6-7890-ABCD-EF1234567890}.Release|Any CPU.Build.0 = Release|Any CPU
		{A1B2C3D4-E5F6-7890-ABCD-EF1234567890}.Release|x64.ActiveCfg = Release|Any CPU
		{A1B2C3D4-E5F6-7890-ABCD-EF1234567890}.Release|x64.Build.0 = Release|Any CPU
		{A1B2C3D4-E5F6-7890-ABCD-EF1234567890}.Release|x86.ActiveCfg = Release|Any CPU
		{A1B2C3D4-E5F6-7890-ABCD-EF1234567890}.Release|x86.Build.0 = Release|Any CPU
		{A1B2C3D4-E5F6-7890-ABCD-EF1234567891}.Debug|Any CPU.ActiveCfg = Debug|Any CPU
		{A1B2C3D4-E5F6-7890-ABCD-EF1234567891}.Debug|Any CPU.Build.0 = Debug|Any CPU
		{A1B2C3D4-E5F6-7890-ABCD-EF1234567891}.Debug|x64.ActiveCfg = Debug|Any CPU
		{A1B2C3D4-E5F6-7890-ABCD-EF1234567891}.Debug|x64.Build.0 = Debug|Any CPU
		{A1B2C3D4-E5F6-7890-ABCD-EF1234567891}.Debug|x86.ActiveCfg = Debug|Any CPU
		{A1B2C3D4-E5F6-7890-ABCD-EF1234567891}.Debug|x86.Build.0 = Debug|Any CPU
		{A1B2C3D4-E5F6-7890-ABCD-EF1234567891}.Release|Any CPU.ActiveCfg = Release|Any CPU
		{A1B2C3D4-E5F6-7890-ABCD-EF1234567891}.Release|Any CPU.Build.0 = Release|Any CPU
		{A1B2C3D4-E5F6-7890-ABCD-EF1234567891}.Release|x64.ActiveCfg = Release|Any CPU
		{A1B2C3D4-E5F6-7890-ABCD-EF1234567891}.Release|x64.Build.0 = Release|Any CPU
		{A1B2C3D4-E5F6-7890-ABCD-EF1234567891}.Release|x86.ActiveCfg = Release|Any CPU
		{A1B2C3D4-E5F6-7890-ABCD-EF1234567891}.Release|x86.Build.0 = Release|Any CPU
		{A1B2C3D4-E5F6-7890-ABCD-EF1234567892}.Debug|Any CPU.ActiveCfg = Debug|Any CPU
		{A1B2C3D4-E5F6-7890-ABCD-EF1234567892}.Debug|Any CPU.Build.0 = Debug|Any CPU
		{A1B2C3D4-E5F6-7890-ABCD-EF1234567892}.Debug|x64.ActiveCfg = Debug|Any CPU
		{A1B2C3D4-E5F6-7890-ABCD-EF1234567892}.Debug|x64.Build.0 = Debug|Any CPU
		{A1B2C3D4-E5F6-7890-ABCD-EF1234567892}.Debug|x86.ActiveCfg = Debug|Any CPU
		{A1B2C3D4-E5F6-7890-ABCD-EF1234567892}.Debug|x86.Build.0 = Debug|Any CPU
		{A1B2C3D4-E5F6-7890-ABCD-EF1234567892}.Release|Any CPU.ActiveCfg = Release|Any CPU
		{A1B2C3D4-E5F6-7890-ABCD-EF1234567892}.Release|Any CPU.Build.0 = Release|Any CPU
		{A1B2C3D4-E5F6-7890-ABCD-EF1234567892}.Release|x64.ActiveCfg = Release|Any CPU
		{A1B2C3D4-E5F6-7890-ABCD-EF1234567892}.Release|x64.Build.0 = Release|Any CPU
		{A1B2C3D4-E5F6-7890-ABCD-EF1234567892}.Release|x86.ActiveCfg = Release|Any CPU
		{A1B2C3D4-E5F6-7890-ABCD-EF1234567892}.Release|x86.Build.0 = Release|Any CPU
		{135596A4-84AE-5A56-D239-878CB089C492}.Debug|x64.ActiveCfg = Debug|Any CPU
		{135596A4-84AE-5A56-D239-878CB089C492}.Debug|x64.Build.0 = Debug|Any CPU
		{135596A4-84AE-5A56-D239-878CB089C492}.Debug|x86.ActiveCfg = Debug|Any CPU
		{135596A4-84AE-5A56-D239-878CB089C492}.Debug|x86.Build.0 = Debug|Any CPU
		{135596A4-84AE-5A56-D239-878CB089C492}.Release|x64.ActiveCfg = Release|Any CPU
		{135596A4-84AE-5A56-D239-878CB089C492}.Release|x64.Build.0 = Release|Any CPU
		{135596A4-84AE-5A56-D239-878CB089C492}.Release|x86.ActiveCfg = Release|Any CPU
		{135596A4-84AE-5A56-D239-878CB089C492}.Release|x86.Build.0 = Release|Any CPU
		{72DD3B79-CA16-3032-1C92-729759291865}.Debug|x64.ActiveCfg = Debug|Any CPU
		{72DD3B79-CA16-3032-1C92-729759291865}.Debug|x64.Build.0 = Debug|Any CPU
		{72DD3B79-CA16-3032-1C92-729759291865}.Debug|x86.ActiveCfg = Debug|Any CPU
		{72DD3B79-CA16-3032-1C92-729759291865}.Debug|x86.Build.0 = Debug|Any CPU
		{72DD3B79-CA16-3032-1C92-729759291865}.Release|x64.ActiveCfg = Release|Any CPU
		{72DD3B79-CA16-3032-1C92-729759291865}.Release|x64.Build.0 = Release|Any CPU
		{72DD3B79-CA16-3032-1C92-729759291865}.Release|x86.ActiveCfg = Release|Any CPU
		{72DD3B79-CA16-3032-1C92-729759291865}.Release|x86.Build.0 = Release|Any CPU
		{5CA8B3ED-C44D-6340-00E1-E95429B440CC}.Debug|x64.ActiveCfg = Debug|Any CPU
		{5CA8B3ED-C44D-6340-00E1-E95429B440CC}.Debug|x64.Build.0 = Debug|Any CPU
		{5CA8B3ED-C44D-6340-00E1-E95429B440CC}.Debug|x86.ActiveCfg = Debug|Any CPU
		{5CA8B3ED-C44D-6340-00E1-E95429B440CC}.Debug|x86.Build.0 = Debug|Any CPU
		{5CA8B3ED-C44D-6340-00E1-E95429B440CC}.Release|x64.ActiveCfg = Release|Any CPU
		{5CA8B3ED-C44D-6340-00E1-E95429B440CC}.Release|x64.Build.0 = Release|Any CPU
		{5CA8B3ED-C44D-6340-00E1-E95429B440CC}.Release|x86.ActiveCfg = Release|Any CPU
		{5CA8B3ED-C44D-6340-00E1-E95429B440CC}.Release|x86.Build.0 = Release|Any CPU
		{F9594B6C-6633-E3AE-2012-BA8540E9D74C}.Debug|x64.ActiveCfg = Debug|Any CPU
		{F9594B6C-6633-E3AE-2012-BA8540E9D74C}.Debug|x64.Build.0 = Debug|Any CPU
		{F9594B6C-6633-E3AE-2012-BA8540E9D74C}.Debug|x86.ActiveCfg = Debug|Any CPU
		{F9594B6C-6633-E3AE-2012-BA8540E9D74C}.Debug|x86.Build.0 = Debug|Any CPU
		{F9594B6C-6633-E3AE-2012-BA8540E9D74C}.Release|x64.ActiveCfg = Release|Any CPU
		{F9594B6C-6633-E3AE-2012-BA8540E9D74C}.Release|x64.Build.0 = Release|Any CPU
		{F9594B6C-6633-E3AE-2012-BA8540E9D74C}.Release|x86.ActiveCfg = Release|Any CPU
		{F9594B6C-6633-E3AE-2012-BA8540E9D74C}.Release|x86.Build.0 = Release|Any CPU
		{4503ABF5-2B4F-EE68-7A7F-D0F1B066495A}.Debug|x64.ActiveCfg = Debug|Any CPU
		{4503ABF5-2B4F-EE68-7A7F-D0F1B066495A}.Debug|x64.Build.0 = Debug|Any CPU
		{4503ABF5-2B4F-EE68-7A7F-D0F1B066495A}.Debug|x86.ActiveCfg = Debug|Any CPU
		{4503ABF5-2B4F-EE68-7A7F-D0F1B066495A}.Debug|x86.Build.0 = Debug|Any CPU
		{4503ABF5-2B4F-EE68-7A7F-D0F1B066495A}.Release|x64.ActiveCfg = Release|Any CPU
		{4503ABF5-2B4F-EE68-7A7F-D0F1B066495A}.Release|x64.Build.0 = Release|Any CPU
		{4503ABF5-2B4F-EE68-7A7F-D0F1B066495A}.Release|x86.ActiveCfg = Release|Any CPU
		{4503ABF5-2B4F-EE68-7A7F-D0F1B066495A}.Release|x86.Build.0 = Release|Any CPU
		{58FF6C8F-3429-035F-3484-5E69CDC82E39}.Debug|x64.ActiveCfg = Debug|Any CPU
		{58FF6C8F-3429-035F-3484-5E69CDC82E39}.Debug|x64.Build.0 = Debug|Any CPU
		{58FF6C8F-3429-035F-3484-5E69CDC82E39}.Debug|x86.ActiveCfg = Debug|Any CPU
		{58FF6C8F-3429-035F-3484-5E69CDC82E39}.Debug|x86.Build.0 = Debug|Any CPU
		{58FF6C8F-3429-035F-3484-5E69CDC82E39}.Release|x64.ActiveCfg = Release|Any CPU
		{58FF6C8F-3429-035F-3484-5E69CDC82E39}.Release|x64.Build.0 = Release|Any CPU
		{58FF6C8F-3429-035F-3484-5E69CDC82E39}.Release|x86.ActiveCfg = Release|Any CPU
		{58FF6C8F-3429-035F-3484-5E69CDC82E39}.Release|x86.Build.0 = Release|Any CPU
		{C94EF3E5-F9C0-EA2B-0A35-752CDB0B6D55}.Debug|x64.ActiveCfg = Debug|Any CPU
		{C94EF3E5-F9C0-EA2B-0A35-752CDB0B6D55}.Debug|x64.Build.0 = Debug|Any CPU
		{C94EF3E5-F9C0-EA2B-0A35-752CDB0B6D55}.Debug|x86.ActiveCfg = Debug|Any CPU
		{C94EF3E5-F9C0-EA2B-0A35-752CDB0B6D55}.Debug|x86.Build.0 = Debug|Any CPU
		{C94EF3E5-F9C0-EA2B-0A35-752CDB0B6D55}.Release|x64.ActiveCfg = Release|Any CPU
		{C94EF3E5-F9C0-EA2B-0A35-752CDB0B6D55}.Release|x64.Build.0 = Release|Any CPU
		{C94EF3E5-F9C0-EA2B-0A35-752CDB0B6D55}.Release|x86.ActiveCfg = Release|Any CPU
		{C94EF3E5-F9C0-EA2B-0A35-752CDB0B6D55}.Release|x86.Build.0 = Release|Any CPU
		{3AB20C3E-EFE7-4715-3DC1-3CCFEF5F1926}.Debug|x64.ActiveCfg = Debug|Any CPU
		{3AB20C3E-EFE7-4715-3DC1-3CCFEF5F1926}.Debug|x64.Build.0 = Debug|Any CPU
		{3AB20C3E-EFE7-4715-3DC1-3CCFEF5F1926}.Debug|x86.ActiveCfg = Debug|Any CPU
		{3AB20C3E-EFE7-4715-3DC1-3CCFEF5F1926}.Debug|x86.Build.0 = Debug|Any CPU
		{3AB20C3E-EFE7-4715-3DC1-3CCFEF5F1926}.Release|x64.ActiveCfg = Release|Any CPU
		{3AB20C3E-EFE7-4715-3DC1-3CCFEF5F1926}.Release|x64.Build.0 = Release|Any CPU
		{3AB20C3E-EFE7-4715-3DC1-3CCFEF5F1926}.Release|x86.ActiveCfg = Release|Any CPU
		{3AB20C3E-EFE7-4715-3DC1-3CCFEF5F1926}.Release|x86.Build.0 = Release|Any CPU
		{88424AF8-0ABF-D9DF-CEC7-AAA3BB8E2D55}.Debug|x64.ActiveCfg = Debug|Any CPU
		{88424AF8-0ABF-D9DF-CEC7-AAA3BB8E2D55}.Debug|x64.Build.0 = Debug|Any CPU
		{88424AF8-0ABF-D9DF-CEC7-AAA3BB8E2D55}.Debug|x86.ActiveCfg = Debug|Any CPU
		{88424AF8-0ABF-D9DF-CEC7-AAA3BB8E2D55}.Debug|x86.Build.0 = Debug|Any CPU
		{88424AF8-0ABF-D9DF-CEC7-AAA3BB8E2D55}.Release|x64.ActiveCfg = Release|Any CPU
		{88424AF8-0ABF-D9DF-CEC7-AAA3BB8E2D55}.Release|x64.Build.0 = Release|Any CPU
		{88424AF8-0ABF-D9DF-CEC7-AAA3BB8E2D55}.Release|x86.ActiveCfg = Release|Any CPU
		{88424AF8-0ABF-D9DF-CEC7-AAA3BB8E2D55}.Release|x86.Build.0 = Release|Any CPU
		{9A942198-C618-6FC9-EB1E-2D76B53824EA}.Debug|x64.ActiveCfg = Debug|Any CPU
		{9A942198-C618-6FC9-EB1E-2D76B53824EA}.Debug|x64.Build.0 = Debug|Any CPU
		{9A942198-C618-6FC9-EB1E-2D76B53824EA}.Debug|x86.ActiveCfg = Debug|Any CPU
		{9A942198-C618-6FC9-EB1E-2D76B53824EA}.Debug|x86.Build.0 = Debug|Any CPU
		{9A942198-C618-6FC9-EB1E-2D76B53824EA}.Release|x64.ActiveCfg = Release|Any CPU
		{9A942198-C618-6FC9-EB1E-2D76B53824EA}.Release|x64.Build.0 = Release|Any CPU
		{9A942198-C618-6FC9-EB1E-2D76B53824EA}.Release|x86.ActiveCfg = Release|Any CPU
		{9A942198-C618-6FC9-EB1E-2D76B53824EA}.Release|x86.Build.0 = Release|Any CPU
		{8AF0AA79-8E38-AF69-F0FC-D1B1AC893592}.Debug|x64.ActiveCfg = Debug|Any CPU
		{8AF0AA79-8E38-AF69-F0FC-D1B1AC893592}.Debug|x64.Build.0 = Debug|Any CPU
		{8AF0AA79-8E38-AF69-F0FC-D1B1AC893592}.Debug|x86.ActiveCfg = Debug|Any CPU
		{8AF0AA79-8E38-AF69-F0FC-D1B1AC893592}.Debug|x86.Build.0 = Debug|Any CPU
		{8AF0AA79-8E38-AF69-F0FC-D1B1AC893592}.Release|x64.ActiveCfg = Release|Any CPU
		{8AF0AA79-8E38-AF69-F0FC-D1B1AC893592}.Release|x64.Build.0 = Release|Any CPU
		{8AF0AA79-8E38-AF69-F0FC-D1B1AC893592}.Release|x86.ActiveCfg = Release|Any CPU
		{8AF0AA79-8E38-AF69-F0FC-D1B1AC893592}.Release|x86.Build.0 = Release|Any CPU
		{54B6F29E-BC0C-4E69-978C-D5C0F6D7FF92}.Debug|Any CPU.ActiveCfg = Debug|Any CPU
		{54B6F29E-BC0C-4E69-978C-D5C0F6D7FF92}.Debug|Any CPU.Build.0 = Debug|Any CPU
		{54B6F29E-BC0C-4E69-978C-D5C0F6D7FF92}.Debug|x64.ActiveCfg = Debug|Any CPU
		{54B6F29E-BC0C-4E69-978C-D5C0F6D7FF92}.Debug|x64.Build.0 = Debug|Any CPU
		{54B6F29E-BC0C-4E69-978C-D5C0F6D7FF92}.Debug|x86.ActiveCfg = Debug|Any CPU
		{54B6F29E-BC0C-4E69-978C-D5C0F6D7FF92}.Debug|x86.Build.0 = Debug|Any CPU
		{54B6F29E-BC0C-4E69-978C-D5C0F6D7FF92}.Release|Any CPU.ActiveCfg = Release|Any CPU
		{54B6F29E-BC0C-4E69-978C-D5C0F6D7FF92}.Release|Any CPU.Build.0 = Release|Any CPU
		{54B6F29E-BC0C-4E69-978C-D5C0F6D7FF92}.Release|x64.ActiveCfg = Release|Any CPU
		{54B6F29E-BC0C-4E69-978C-D5C0F6D7FF92}.Release|x64.Build.0 = Release|Any CPU
		{54B6F29E-BC0C-4E69-978C-D5C0F6D7FF92}.Release|x86.ActiveCfg = Release|Any CPU
		{54B6F29E-BC0C-4E69-978C-D5C0F6D7FF92}.Release|x86.Build.0 = Release|Any CPU
	EndGlobalSection
	GlobalSection(SolutionProperties) = preSolution
		HideSolutionNode = FALSE
	EndGlobalSection
	GlobalSection(NestedProjects) = preSolution
		{A1B2C3D4-E5F6-7890-ABCD-EF1234567890} = {30000000-0000-0000-0000-000000000003}
		{A1B2C3D4-E5F6-7890-ABCD-EF1234567891} = {30000000-0000-0000-0000-000000000003}
		{A1B2C3D4-E5F6-7890-ABCD-EF1234567892} = {30000000-0000-0000-0000-000000000003}
		{54B6F29E-BC0C-4E69-978C-D5C0F6D7FF92} = {30000000-0000-0000-0000-000000000003}
	EndGlobalSection
	GlobalSection(ExtensibilityGlobals) = postSolution
		SolutionGuid = {12345678-1234-1234-1234-123456789012}
	EndGlobalSection
EndGlobal
